{
  "version": 4,
  "terraform_version": "1.5.7",
  "serial": 19,
  "lineage": "1d6bd886-8656-cd89-3fde-302bba7339ca",
  "outputs": {
    "api_url": {
      "value": "http://209.97.155.224:8000",
      "type": "string"
    },
    "droplet_ip": {
      "value": "209.97.155.224",
      "type": "string"
    },
    "droplet_ipv6": {
      "value": "2604:a880:800:14:0:3:8910:4000",
      "type": "string"
    },
    "droplet_name": {
      "value": "trader-agent-prod",
      "type": "string"
    },
    "estimated_monthly_cost_usd": {
      "value": 24,
      "type": "number"
    },
    "firewall_name": {
      "value": "trader-agent-firewall",
      "type": "string"
    },
    "ssh_command": {
      "value": "ssh root@209.97.155.224",
      "type": "string"
    },
    "webhook_url": {
      "value": "http://209.97.155.224:8000/webhook",
      "type": "string"
    }
  },
  "resources": [
    {
      "mode": "managed",
      "type": "digitalocean_droplet",
      "name": "trading_bot",
      "provider": "provider[\"registry.terraform.io/digitalocean/digitalocean\"]",
      "instances": [
        {
          "schema_version": 1,
          "attributes": {
            "backup_policy": [],
            "backups": false,
            "created_at": "2026-09-20T13:16:00Z",
            "disk": 80,
            "droplet_agent": null,
            "gpu_partition_mode": null,
            "graceful_shutdown": false,
            "id": "602171090",
            "image": "ubuntu-24-04-x64",
            "ipv4_address": "209.97.155.224",
            "ipv4_address_private": "10.108.0.3",
            "ipv6": true,
            "ipv6_address": "2604:a880:800:14:0:3:8910:4000",
            "locked": false,
            "memory": 4096,
            "monitoring": true,
            "name": "trader-agent-prod",
            "price_hourly": 0.03571,
            "price_monthly": 24,
            "private_networking": true,
            "public_networking": true,
            "region": "nyc3",
            "resize_disk": true,
            "size": "s-2vcpu-4gb",
            "ssh_keys": [
              "15:a1:42:d5:9f:28:49:ba:d1:e8:04:88:d9:ca:67:4f"
            ],
            "status": "active",
            "tags": [
              "prod",
              "trading",
              "webhook"
            ],
            "timeouts": null,
            "urn": "do:droplet:602171090",
            "user_data": "a0fd481aa1cc89d3808cbfcf4d56702286abf49b",
            "vcpus": 2,
            "volume_ids": [],
            "vpc_uuid": "54917076-e7d4-44b9-8455-4aa7b31fc9f0"
          },
          "sensitive_attributes": [
            [
              {
                "type": "get_attr",
                "value": "user_data"
              }
            ]
          ],
          "private": "eyJlMmJmYjczMC1lY2FhLTExZTYtOGY4OC0zNDM2M2JjN2M0YzAiOnsiY3JlYXRlIjozNjAwMDAwMDAwMDAwLCJkZWxldGUiOjYwMDAwMDAwMDAwLCJ1cGRhdGUiOjM2MDAwMDAwMDAwMDB9LCJzY2hlbWFfdmVyc2lvbiI6IjEifQ==",
          "create_before_destroy": true
        }
      ]
    },
    {
      "mode": "managed",
      "type": "digitalocean_firewall",
      "name": "trading_firewall",
      "provider": "provider[\"registry.terraform.io/digitalocean/digitalocean\"]",
      "instances": [
        {
          "schema_version": 0,
          "attributes": {
            "created_at": "2026-09-19T16:29:09Z",
            "droplet_ids": [
              602171090
            ],
            "id": "cd62eecc-21b4-465a-816c-76b88c0cc0b7",
            "inbound_rule": [
              {
                "action": "allow",
                "port_range": "22",
                "protocol": "tcp",
                "source_addresses": [
                  "174.209.193.129",
                  "73.106.218.36"
                ],
                "source_droplet_ids": [],
                "source_kubernetes_ids": [],
                "source_load_balancer_uids": [],
                "source_tags": []
              },
              {
                "action": "allow",
                "port_range": "443",
                "protocol": "tcp",
                "source_addresses": [
                  "0.0.0.0/0",
                  "::/0"
                ],
                "source_droplet_ids": [],
                "source_kubernetes_ids": [],
                "source_load_balancer_uids": [],
                "source_tags": []
              },
              {
                "action": "allow",
                "port_range": "80",
                "protocol": "tcp",
                "source_addresses": [
                  "0.0.0.0/0",
                  "::/0"
                ],
                "source_droplet_ids": [],
                "source_kubernetes_ids": [],
                "source_load_balancer_uids": [],
                "source_tags": []
              }
            ],
            "name": "trader-agent-firewall",
            "outbound_rule": [
              {
                "action": "allow",
                "destination_addresses": [
                  "0.0.0.0/0",
                  "::/0"
                ],
                "destination_droplet_ids": [],
                "destination_kubernetes_ids": [],
                "destination_load_balancer_uids": [],
                "destination_tags": [],
                "port_range": "443",
                "protocol": "tcp"
              },
              {
                "action": "allow",
                "destination_addresses": [
                  "0.0.0.0/0",
                  "::/0"
                ],
                "destination_droplet_ids": [],
                "destination_kubernetes_ids": [],
                "destination_load_balancer_uids": [],
                "destination_tags": [],
                "port_range": "53",
                "protocol": "udp"
              },
              {
                "action": "allow",
                "destination_addresses": [
                  "0.0.0.0/0",
                  "::/0"
                ],
                "destination_droplet_ids": [],
                "destination_kubernetes_ids": [],
                "destination_load_balancer_uids": [],
                "destination_tags": [],
                "port_range": "7844",
                "protocol": "tcp"
              },
              {
                "action": "allow",
                "destination_addresses": [
                  "0.0.0.0/0",
                  "::/0"
                ],
                "destination_droplet_ids": [],
                "destination_kubernetes_ids": [],
                "destination_load_balancer_uids": [],
                "destination_tags": [],
                "port_range": "80",
                "protocol": "tcp"
              }
            ],
            "pending_changes": [],
            "status": "succeeded",
            "tags": []
          },
          "sensitive_attributes": [],
          "private": "bnVsbA==",
          "dependencies": [
            "digitalocean_droplet.trading_bot"
          ]
        }
      ]
    }
  ],
  "check_results": null
}
